
Microsoft Visual Studio Solution File, Format Version 12.00
# Visual Studio Version 16
VisualStudioVersion = 16.0.30204.135
MinimumVisualStudioVersion = 10.0.40219.1
Project("{6EC3EE1D-3C4E-46DD-8F32-0CC8E7565705}") = "EncryptServer", "EncryptServer\EncryptServer.fsproj", "{6D5FB677-A043-4E4A-9F1B-A5402EFC4782}"
EndProject
Project("{6EC3EE1D-3C4E-46DD-8F32-0CC8E7565705}") = "EncryptServerConsole", "EncryptServerConsole\EncryptServerConsole.fsproj", "{E278F71B-D9AC-4D0E-8081-93FD24B96F7D}"
EndProject
Project("{F2A71F9B-5D33-465A-A702-920D77279786}") = "EncryptCore.Test", "EncryptCore.Test\EncryptCore.Test.fsproj", "{D37FAA7D-06E9-4FB4-AE41-A87E85CD5F3F}"
EndProject
Project("{F2A71F9B-5D33-465A-A702-920D77279786}") = "EncryptCore", "EncryptCore\EncryptCore.fsproj", "{1780B51F-621F-4FAE-B538-F7019BA2484A}"
EndProject
Project("{F2A71F9B-5D33-465A-A702-920D77279786}") = "EncryptIdentity", "EncryptIdentity\EncryptIdentity.fsproj", "{B0648E97-0026-4D7A-B9CF-1F4195C1C097}"
EndProject
Global
	GlobalSection(SolutionConfigurationPlatforms) = preSolution
		Debug|Any CPU = Debug|Any CPU
		Release|Any CPU = Release|Any CPU
	EndGlobalSection
	GlobalSection(ProjectConfigurationPlatforms) = postSolution
		{6D5FB677-A043-4E4A-9F1B-A5402EFC4782}.Debug|Any CPU.ActiveCfg = Debug|Any CPU
		{6D5FB677-A043-4E4A-9F1B-A5402EFC4782}.Debug|Any CPU.Build.0 = Debug|Any CPU
		{6D5FB677-A043-4E4A-9F1B-A5402EFC4782}.Release|Any CPU.ActiveCfg = Release|Any CPU
		{6D5FB677-A043-4E4A-9F1B-A5402EFC4782}.Release|Any CPU.Build.0 = Release|Any CPU
		{E278F71B-D9AC-4D0E-8081-93FD24B96F7D}.Debug|Any CPU.ActiveCfg = Debug|Any CPU
		{E278F71B-D9AC-4D0E-8081-93FD24B96F7D}.Debug|Any CPU.Build.0 = Debug|Any CPU
		{E278F71B-D9AC-4D0E-8081-93FD24B96F7D}.Release|Any CPU.ActiveCfg = Release|Any CPU
		{E278F71B-D9AC-4D0E-8081-93FD24B96F7D}.Release|Any CPU.Build.0 = Release|Any CPU
		{D37FAA7D-06E9-4FB4-AE41-A87E85CD5F3F}.Debug|Any CPU.ActiveCfg = Debug|Any CPU
		{D37FAA7D-06E9-4FB4-AE41-A87E85CD5F3F}.Debug|Any CPU.Build.0 = Debug|Any CPU
		{D37FAA7D-06E9-4FB4-AE41-A87E85CD5F3F}.Release|Any CPU.ActiveCfg = Release|Any CPU
		{D37FAA7D-06E9-4FB4-AE41-A87E85CD5F3F}.Release|Any CPU.Build.0 = Release|Any CPU
		{1780B51F-621F-4FAE-B538-F7019BA2484A}.Debug|Any CPU.ActiveCfg = Debug|Any CPU
		{1780B51F-621F-4FAE-B538-F7019BA2484A}.Debug|Any CPU.Build.0 = Debug|Any CPU
		{1780B51F-621F-4FAE-B538-F7019BA2484A}.Release|Any CPU.ActiveCfg = Release|Any CPU
		{1780B51F-621F-4FAE-B538-F7019BA2484A}.Release|Any CPU.Build.0 = Release|Any CPU
		{B0648E97-0026-4D7A-B9CF-1F4195C1C097}.Debug|Any CPU.ActiveCfg = Debug|Any CPU
		{B0648E97-0026-4D7A-B9CF-1F4195C1C097}.Debug|Any CPU.Build.0 = Debug|Any CPU
		{B0648E97-0026-4D7A-B9CF-1F4195C1C097}.Release|Any CPU.ActiveCfg = Release|Any CPU
		{B0648E97-0026-4D7A-B9CF-1F4195C1C097}.Release|Any CPU.Build.0 = Release|Any CPU
	EndGlobalSection
	GlobalSection(SolutionProperties) = preSolution
		HideSolutionNode = FALSE
	EndGlobalSection
	GlobalSection(ExtensibilityGlobals) = postSolution
		SolutionGuid = {42438A2B-076E-42A5-87CB-D3FFA56E08FF}
	EndGlobalSection
EndGlobal
